
Microsoft Visual Studio Solution File, Format Version 12.00
# Visual Studio Version 17
VisualStudioVersion = 17.13.35931.197
MinimumVisualStudioVersion = 10.0.40219.1
Project("{FAE04EC0-301F-11D3-BF4B-00C04F79EFBC}") = "Vask En Tid", "Vask En Tid\Vask En Tid.csproj", "{C3D22FB2-A625-41E1-A922-23F36ABC164E}"
EndProject
Global
	GlobalSection(SolutionConfigurationPlatforms) = preSolution
		Debug|Any CPU = Debug|Any CPU
		Release|Any CPU = Release|Any CPU
	EndGlobalSection
	GlobalSection(ProjectConfigurationPlatforms) = postSolution
		{C3D22FB2-A625-41E1-A922-23F36ABC164E}.Debug|Any CPU.ActiveCfg = Debug|Any CPU
		{C3D22FB2-A625-41E1-A922-23F36ABC164E}.Debug|Any CPU.Build.0 = Debug|Any CPU
		{C3D22FB2-A625-41E1-A922-23F36ABC164E}.Release|Any CPU.ActiveCfg = Release|Any CPU
		{C3D22FB2-A625-41E1-A922-23F36ABC164E}.Release|Any CPU.Build.0 = Release|Any CPU
	EndGlobalSection
	GlobalSection(SolutionProperties) = preSolution
		HideSolutionNode = FALSE
	EndGlobalSection
	GlobalSection(ExtensibilityGlobals) = postSolution
		SolutionGuid = {982684F3-D16C-48F8-9924-D55D61B5B813}
	EndGlobalSection
EndGlobal
